// !$*UTF8*$!
{
	archiveVersion = 1;
	classes = {
	};
	objectVersion = 51;
	objects = {

/* Begin PBXBuildFile section */
		071922B728A7520B00A9B048 /* AppDelegate.swift in Sources */ = {isa = PBXBuildFile; fileRef = 071922B628A7520B00A9B048 /* AppDelegate.swift */; };
		071922C028A7520D00A9B048 /* Assets.xcassets in Resources */ = {isa = PBXBuildFile; fileRef = 071922BF28A7520D00A9B048 /* Assets.xcassets */; };
		071922C328A7520D00A9B048 /* LaunchScreen.storyboard in Resources */ = {isa = PBXBuildFile; fileRef = 071922C128A7520D00A9B048 /* LaunchScreen.storyboard */; };
		071922D528A754FB00A9B048 /* MoodyStack.swift in Sources */ = {isa = PBXBuildFile; fileRef = 071922CF28A754FB00A9B048 /* MoodyStack.swift */; };
		071922D628A754FB00A9B048 /* Mood.swift in Sources */ = {isa = PBXBuildFile; fileRef = 071922D028A754FB00A9B048 /* Mood.swift */; };
		071922D728A754FB00A9B048 /* Managed.swift in Sources */ = {isa = PBXBuildFile; fileRef = 071922D228A754FB00A9B048 /* Managed.swift */; };
		071922DA28A7556800A9B048 /* Moody.xcdatamodeld in Sources */ = {isa = PBXBuildFile; fileRef = 071922D828A7556800A9B048 /* Moody.xcdatamodeld */; };
		C364B18A28A9ED580040BACA /* MoodListViewController.swift in Sources */ = {isa = PBXBuildFile; fileRef = C364B18928A9ED580040BACA /* MoodListViewController.swift */; };
		C364B18C28A9ED610040BACA /* MoodDetailViewController.swift in Sources */ = {isa = PBXBuildFile; fileRef = C364B18B28A9ED610040BACA /* MoodDetailViewController.swift */; };
		C364B18E28A9ED8D0040BACA /* CameraViewController.swift in Sources */ = {isa = PBXBuildFile; fileRef = C364B18D28A9ED8D0040BACA /* CameraViewController.swift */; };
		C364B19428AA29BD0040BACA /* MoodTableViewCell.swift in Sources */ = {isa = PBXBuildFile; fileRef = C364B19328AA29BD0040BACA /* MoodTableViewCell.swift */; };
		C364B19628AA2AF50040BACA /* TableViewDataSource.swift in Sources */ = {isa = PBXBuildFile; fileRef = C364B19528AA2AF50040BACA /* TableViewDataSource.swift */; };
		C364B19B28AA4A5D0040BACA /* Utilities.swift in Sources */ = {isa = PBXBuildFile; fileRef = C364B19A28AA4A5D0040BACA /* Utilities.swift */; };
		C364B1A228AB2EB00040BACA /* NSManagedObjectContext+Extensions.swift in Sources */ = {isa = PBXBuildFile; fileRef = C364B1A128AB2EB00040BACA /* NSManagedObjectContext+Extensions.swift */; };
		C364B1F428AB6EFD0040BACA /* CaptureSession.swift in Sources */ = {isa = PBXBuildFile; fileRef = C364B1F328AB6EFD0040BACA /* CaptureSession.swift */; };
		C364B20228ACC6990040BACA /* RootViewController.swift in Sources */ = {isa = PBXBuildFile; fileRef = C364B20128ACC6990040BACA /* RootViewController.swift */; };
		C364B20828ADC6190040BACA /* NSManagedObjectContext+Observers.swift in Sources */ = {isa = PBXBuildFile; fileRef = C364B20728ADC6190040BACA /* NSManagedObjectContext+Observers.swift */; };
		C364B20A28ADCAB60040BACA /* ManagedObjectObserver.swift in Sources */ = {isa = PBXBuildFile; fileRef = C364B20928ADCAB60040BACA /* ManagedObjectObserver.swift */; };
		C364B20C28ADD90E0040BACA /* Country.swift in Sources */ = {isa = PBXBuildFile; fileRef = C364B20B28ADD90E0040BACA /* Country.swift */; };
		C364B20E28ADD91D0040BACA /* Continent.swift in Sources */ = {isa = PBXBuildFile; fileRef = C364B20D28ADD91D0040BACA /* Continent.swift */; };
		C364B21028ADD9960040BACA /* ISO3166.swift in Sources */ = {isa = PBXBuildFile; fileRef = C364B20F28ADD9960040BACA /* ISO3166.swift */; };
		C364B21328ADDA1C0040BACA /* LocalizedStringConvertible.swift in Sources */ = {isa = PBXBuildFile; fileRef = C364B21228ADDA1C0040BACA /* LocalizedStringConvertible.swift */; };
		C364B21528ADE7F00040BACA /* Region.swift in Sources */ = {isa = PBXBuildFile; fileRef = C364B21428ADE7F00040BACA /* Region.swift */; };
		C364B22828AF39F60040BACA /* RegionsViewController.swift in Sources */ = {isa = PBXBuildFile; fileRef = C364B22728AF39F60040BACA /* RegionsViewController.swift */; };
		C364B22A28AF3F9E0040BACA /* GeoLocationHelper.swift in Sources */ = {isa = PBXBuildFile; fileRef = C364B22928AF3F9E0040BACA /* GeoLocationHelper.swift */; };
		CD10F7BD5FB0F12217D7FE49 /* Pods_Moody.framework in Frameworks */ = {isa = PBXBuildFile; fileRef = E073DB832E3A396E7A70CC08 /* Pods_Moody.framework */; };
/* End PBXBuildFile section */

/* Begin PBXFileReference section */
		071922B328A7520B00A9B048 /* Moody.app */ = {isa = PBXFileReference; explicitFileType = wrapper.application; includeInIndex = 0; path = Moody.app; sourceTree = BUILT_PRODUCTS_DIR; };
		071922B628A7520B00A9B048 /* AppDelegate.swift */ = {isa = PBXFileReference; lastKnownFileType = sourcecode.swift; path = AppDelegate.swift; sourceTree = "<group>"; };
		071922BF28A7520D00A9B048 /* Assets.xcassets */ = {isa = PBXFileReference; lastKnownFileType = folder.assetcatalog; path = Assets.xcassets; sourceTree = "<group>"; };
		071922C228A7520D00A9B048 /* Base */ = {isa = PBXFileReference; lastKnownFileType = file.storyboard; name = Base; path = Base.lproj/LaunchScreen.storyboard; sourceTree = "<group>"; };
		071922C428A7520D00A9B048 /* Info.plist */ = {isa = PBXFileReference; lastKnownFileType = text.plist.xml; path = Info.plist; sourceTree = "<group>"; };
		071922CF28A754FB00A9B048 /* MoodyStack.swift */ = {isa = PBXFileReference; fileEncoding = 4; lastKnownFileType = sourcecode.swift; path = MoodyStack.swift; sourceTree = "<group>"; };
		071922D028A754FB00A9B048 /* Mood.swift */ = {isa = PBXFileReference; fileEncoding = 4; lastKnownFileType = sourcecode.swift; path = Mood.swift; sourceTree = "<group>"; };
		071922D228A754FB00A9B048 /* Managed.swift */ = {isa = PBXFileReference; fileEncoding = 4; lastKnownFileType = sourcecode.swift; path = Managed.swift; sourceTree = "<group>"; };
		071922D928A7556800A9B048 /* Moody.xcdatamodel */ = {isa = PBXFileReference; lastKnownFileType = wrapper.xcdatamodel; path = Moody.xcdatamodel; sourceTree = "<group>"; };
		9B586D353727C0ACDBE6BD5B /* Pods-Moody.debug.xcconfig */ = {isa = PBXFileReference; includeInIndex = 1; lastKnownFileType = text.xcconfig; name = "Pods-Moody.debug.xcconfig"; path = "Target Support Files/Pods-Moody/Pods-Moody.debug.xcconfig"; sourceTree = "<group>"; };
		A6F287D0491D4DA2E7BD33DF /* Pods-Moody.release.xcconfig */ = {isa = PBXFileReference; includeInIndex = 1; lastKnownFileType = text.xcconfig; name = "Pods-Moody.release.xcconfig"; path = "Target Support Files/Pods-Moody/Pods-Moody.release.xcconfig"; sourceTree = "<group>"; };
		C364B18928A9ED580040BACA /* MoodListViewController.swift */ = {isa = PBXFileReference; lastKnownFileType = sourcecode.swift; path = MoodListViewController.swift; sourceTree = "<group>"; };
		C364B18B28A9ED610040BACA /* MoodDetailViewController.swift */ = {isa = PBXFileReference; lastKnownFileType = sourcecode.swift; path = MoodDetailViewController.swift; sourceTree = "<group>"; };
		C364B18D28A9ED8D0040BACA /* CameraViewController.swift */ = {isa = PBXFileReference; lastKnownFileType = sourcecode.swift; path = CameraViewController.swift; sourceTree = "<group>"; };
		C364B19328AA29BD0040BACA /* MoodTableViewCell.swift */ = {isa = PBXFileReference; lastKnownFileType = sourcecode.swift; path = MoodTableViewCell.swift; sourceTree = "<group>"; };
		C364B19528AA2AF50040BACA /* TableViewDataSource.swift */ = {isa = PBXFileReference; lastKnownFileType = sourcecode.swift; path = TableViewDataSource.swift; sourceTree = "<group>"; };
		C364B19A28AA4A5D0040BACA /* Utilities.swift */ = {isa = PBXFileReference; lastKnownFileType = sourcecode.swift; path = Utilities.swift; sourceTree = "<group>"; };
		C364B1A128AB2EB00040BACA /* NSManagedObjectContext+Extensions.swift */ = {isa = PBXFileReference; lastKnownFileType = sourcecode.swift; path = "NSManagedObjectContext+Extensions.swift"; sourceTree = "<group>"; };
		C364B1F328AB6EFD0040BACA /* CaptureSession.swift */ = {isa = PBXFileReference; lastKnownFileType = sourcecode.swift; path = CaptureSession.swift; sourceTree = "<group>"; };
		C364B20128ACC6990040BACA /* RootViewController.swift */ = {isa = PBXFileReference; lastKnownFileType = sourcecode.swift; path = RootViewController.swift; sourceTree = "<group>"; };
		C364B20728ADC6190040BACA /* NSManagedObjectContext+Observers.swift */ = {isa = PBXFileReference; lastKnownFileType = sourcecode.swift; path = "NSManagedObjectContext+Observers.swift"; sourceTree = "<group>"; };
		C364B20928ADCAB60040BACA /* ManagedObjectObserver.swift */ = {isa = PBXFileReference; lastKnownFileType = sourcecode.swift; path = ManagedObjectObserver.swift; sourceTree = "<group>"; };
		C364B20B28ADD90E0040BACA /* Country.swift */ = {isa = PBXFileReference; lastKnownFileType = sourcecode.swift; path = Country.swift; sourceTree = "<group>"; };
		C364B20D28ADD91D0040BACA /* Continent.swift */ = {isa = PBXFileReference; lastKnownFileType = sourcecode.swift; path = Continent.swift; sourceTree = "<group>"; };
		C364B20F28ADD9960040BACA /* ISO3166.swift */ = {isa = PBXFileReference; lastKnownFileType = sourcecode.swift; path = ISO3166.swift; sourceTree = "<group>"; };
		C364B21228ADDA1C0040BACA /* LocalizedStringConvertible.swift */ = {isa = PBXFileReference; lastKnownFileType = sourcecode.swift; path = LocalizedStringConvertible.swift; sourceTree = "<group>"; };
		C364B21428ADE7F00040BACA /* Region.swift */ = {isa = PBXFileReference; lastKnownFileType = sourcecode.swift; path = Region.swift; sourceTree = "<group>"; };
		C364B22728AF39F60040BACA /* RegionsViewController.swift */ = {isa = PBXFileReference; lastKnownFileType = sourcecode.swift; path = RegionsViewController.swift; sourceTree = "<group>"; };
		C364B22928AF3F9E0040BACA /* GeoLocationHelper.swift */ = {isa = PBXFileReference; lastKnownFileType = sourcecode.swift; path = GeoLocationHelper.swift; sourceTree = "<group>"; };
		E073DB832E3A396E7A70CC08 /* Pods_Moody.framework */ = {isa = PBXFileReference; explicitFileType = wrapper.framework; includeInIndex = 0; path = Pods_Moody.framework; sourceTree = BUILT_PRODUCTS_DIR; };
/* End PBXFileReference section */

/* Begin PBXFrameworksBuildPhase section */
		071922B028A7520B00A9B048 /* Frameworks */ = {
			isa = PBXFrameworksBuildPhase;
			buildActionMask = 2147483647;
			files = (
				CD10F7BD5FB0F12217D7FE49 /* Pods_Moody.framework in Frameworks */,
			);
			runOnlyForDeploymentPostprocessing = 0;
		};
/* End PBXFrameworksBuildPhase section */

/* Begin PBXGroup section */
		071922AA28A7520B00A9B048 = {
			isa = PBXGroup;
			children = (
				071922B528A7520B00A9B048 /* Moody */,
				071922B428A7520B00A9B048 /* Products */,
				D7D2E95D5915A98EBF7956FD /* Pods */,
				FCF54C034B1B0FD17CB7E507 /* Frameworks */,
			);
			sourceTree = "<group>";
		};
		071922B428A7520B00A9B048 /* Products */ = {
			isa = PBXGroup;
			children = (
				071922B328A7520B00A9B048 /* Moody.app */,
			);
			name = Products;
			sourceTree = "<group>";
		};
		071922B528A7520B00A9B048 /* Moody */ = {
			isa = PBXGroup;
			children = (
				C364B21128ADD9F30040BACA /* Localization */,
				C364B19928AA4A4E0040BACA /* Helpers */,
				C364B19228AA29A30040BACA /* Views */,
				071922CC28A754FB00A9B048 /* Model */,
				071922CA28A754FB00A9B048 /* ViewControllers */,
				071922D128A754FB00A9B048 /* Core Data Helpers */,
				071922B628A7520B00A9B048 /* AppDelegate.swift */,
				071922BF28A7520D00A9B048 /* Assets.xcassets */,
				071922C128A7520D00A9B048 /* LaunchScreen.storyboard */,
				071922C428A7520D00A9B048 /* Info.plist */,
			);
			path = Moody;
			sourceTree = "<group>";
		};
		071922CA28A754FB00A9B048 /* ViewControllers */ = {
			isa = PBXGroup;
			children = (
				C364B20128ACC6990040BACA /* RootViewController.swift */,
				C364B18928A9ED580040BACA /* MoodListViewController.swift */,
				C364B18B28A9ED610040BACA /* MoodDetailViewController.swift */,
				C364B18D28A9ED8D0040BACA /* CameraViewController.swift */,
				C364B22728AF39F60040BACA /* RegionsViewController.swift */,
			);
			path = ViewControllers;
			sourceTree = "<group>";
		};
		071922CC28A754FB00A9B048 /* Model */ = {
			isa = PBXGroup;
			children = (
				071922D828A7556800A9B048 /* Moody.xcdatamodeld */,
				071922CF28A754FB00A9B048 /* MoodyStack.swift */,
				071922D028A754FB00A9B048 /* Mood.swift */,
				C364B20B28ADD90E0040BACA /* Country.swift */,
				C364B20D28ADD91D0040BACA /* Continent.swift */,
				C364B21428ADE7F00040BACA /* Region.swift */,
				C364B20F28ADD9960040BACA /* ISO3166.swift */,
			);
			path = Model;
			sourceTree = "<group>";
		};
		071922D128A754FB00A9B048 /* Core Data Helpers */ = {
			isa = PBXGroup;
			children = (
				071922D228A754FB00A9B048 /* Managed.swift */,
				C364B19528AA2AF50040BACA /* TableViewDataSource.swift */,
				C364B1A128AB2EB00040BACA /* NSManagedObjectContext+Extensions.swift */,
				C364B20728ADC6190040BACA /* NSManagedObjectContext+Observers.swift */,
				C364B20928ADCAB60040BACA /* ManagedObjectObserver.swift */,
			);
			path = "Core Data Helpers";
			sourceTree = "<group>";
		};
		C364B19228AA29A30040BACA /* Views */ = {
			isa = PBXGroup;
			children = (
				C364B19328AA29BD0040BACA /* MoodTableViewCell.swift */,
			);
			path = Views;
			sourceTree = "<group>";
		};
		C364B19928AA4A4E0040BACA /* Helpers */ = {
			isa = PBXGroup;
			children = (
				C364B19A28AA4A5D0040BACA /* Utilities.swift */,
				C364B1F328AB6EFD0040BACA /* CaptureSession.swift */,
				C364B22928AF3F9E0040BACA /* GeoLocationHelper.swift */,
			);
			path = Helpers;
			sourceTree = "<group>";
		};
		C364B21128ADD9F30040BACA /* Localization */ = {
			isa = PBXGroup;
			children = (
				C364B21228ADDA1C0040BACA /* LocalizedStringConvertible.swift */,
			);
			path = Localization;
			sourceTree = "<group>";
		};
		D7D2E95D5915A98EBF7956FD /* Pods */ = {
			isa = PBXGroup;
			children = (
				9B586D353727C0ACDBE6BD5B /* Pods-Moody.debug.xcconfig */,
				A6F287D0491D4DA2E7BD33DF /* Pods-Moody.release.xcconfig */,
			);
			path = Pods;
			sourceTree = "<group>";
		};
		FCF54C034B1B0FD17CB7E507 /* Frameworks */ = {
			isa = PBXGroup;
			children = (
				E073DB832E3A396E7A70CC08 /* Pods_Moody.framework */,
			);
			name = Frameworks;
			sourceTree = "<group>";
		};
/* End PBXGroup section */

/* Begin PBXNativeTarget section */
		071922B228A7520B00A9B048 /* Moody */ = {
			isa = PBXNativeTarget;
			buildConfigurationList = 071922C728A7520D00A9B048 /* Build configuration list for PBXNativeTarget "Moody" */;
			buildPhases = (
				1E4D685764D4CFD90E07733A /* [CP] Check Pods Manifest.lock */,
				071922AF28A7520B00A9B048 /* Sources */,
				071922B028A7520B00A9B048 /* Frameworks */,
				071922B128A7520B00A9B048 /* Resources */,
				9BA06F41F6E397CB2CB4E360 /* [CP] Embed Pods Frameworks */,
			);
			buildRules = (
			);
			dependencies = (
			);
			name = Moody;
			productName = Moody;
			productReference = 071922B328A7520B00A9B048 /* Moody.app */;
			productType = "com.apple.product-type.application";
		};
/* End PBXNativeTarget section */

/* Begin PBXProject section */
		071922AB28A7520B00A9B048 /* Project object */ = {
			isa = PBXProject;
			attributes = {
				LastSwiftUpdateCheck = 1250;
				LastUpgradeCheck = 1250;
				TargetAttributes = {
					071922B228A7520B00A9B048 = {
						CreatedOnToolsVersion = 12.5.1;
					};
				};
			};
			buildConfigurationList = 071922AE28A7520B00A9B048 /* Build configuration list for PBXProject "Moody" */;
			compatibilityVersion = "Xcode 9.3";
			developmentRegion = en;
			hasScannedForEncodings = 0;
			knownRegions = (
				en,
				Base,
			);
			mainGroup = 071922AA28A7520B00A9B048;
			productRefGroup = 071922B428A7520B00A9B048 /* Products */;
			projectDirPath = "";
			projectRoot = "";
			targets = (
				071922B228A7520B00A9B048 /* Moody */,
			);
		};
/* End PBXProject section */

/* Begin PBXResourcesBuildPhase section */
		071922B128A7520B00A9B048 /* Resources */ = {
			isa = PBXResourcesBuildPhase;
			buildActionMask = 2147483647;
			files = (
				071922C328A7520D00A9B048 /* LaunchScreen.storyboard in Resources */,
				071922C028A7520D00A9B048 /* Assets.xcassets in Resources */,
			);
			runOnlyForDeploymentPostprocessing = 0;
		};
/* End PBXResourcesBuildPhase section */

/* Begin PBXShellScriptBuildPhase section */
		1E4D685764D4CFD90E07733A /* [CP] Check Pods Manifest.lock */ = {
			isa = PBXShellScriptBuildPhase;
			buildActionMask = 2147483647;
			files = (
			);
			inputFileListPaths = (
			);
			inputPaths = (
				"${PODS_PODFILE_DIR_PATH}/Podfile.lock",
				"${PODS_ROOT}/Manifest.lock",
			);
			name = "[CP] Check Pods Manifest.lock";
			outputFileListPaths = (
			);
			outputPaths = (
				"$(DERIVED_FILE_DIR)/Pods-Moody-checkManifestLockResult.txt",
			);
			runOnlyForDeploymentPostprocessing = 0;
			shellPath = /bin/sh;
			shellScript = "diff \"${PODS_PODFILE_DIR_PATH}/Podfile.lock\" \"${PODS_ROOT}/Manifest.lock\" > /dev/null\nif [ $? != 0 ] ; then\n    # print error to STDERR\n    echo \"error: The sandbox is not in sync with the Podfile.lock. Run 'pod install' or update your CocoaPods installation.\" >&2\n    exit 1\nfi\n# This output is used by Xcode 'outputs' to avoid re-running this script phase.\necho \"SUCCESS\" > \"${SCRIPT_OUTPUT_FILE_0}\"\n";
			showEnvVarsInLog = 0;
		};
		9BA06F41F6E397CB2CB4E360 /* [CP] Embed Pods Frameworks */ = {
			isa = PBXShellScriptBuildPhase;
			buildActionMask = 2147483647;
			files = (
			);
			inputFileListPaths = (
				"${PODS_ROOT}/Target Support Files/Pods-Moody/Pods-Moody-frameworks-${CONFIGURATION}-input-files.xcfilelist",
			);
			name = "[CP] Embed Pods Frameworks";
			outputFileListPaths = (
				"${PODS_ROOT}/Target Support Files/Pods-Moody/Pods-Moody-frameworks-${CONFIGURATION}-output-files.xcfilelist",
			);
			runOnlyForDeploymentPostprocessing = 0;
			shellPath = /bin/sh;
			shellScript = "\"${PODS_ROOT}/Target Support Files/Pods-Moody/Pods-Moody-frameworks.sh\"\n";
			showEnvVarsInLog = 0;
		};
/* End PBXShellScriptBuildPhase section */

/* Begin PBXSourcesBuildPhase section */
		071922AF28A7520B00A9B048 /* Sources */ = {
			isa = PBXSourcesBuildPhase;
			buildActionMask = 2147483647;
			files = (
				071922D628A754FB00A9B048 /* Mood.swift in Sources */,
				C364B20828ADC6190040BACA /* NSManagedObjectContext+Observers.swift in Sources */,
				C364B20A28ADCAB60040BACA /* ManagedObjectObserver.swift in Sources */,
				C364B18A28A9ED580040BACA /* MoodListViewController.swift in Sources */,
				C364B18C28A9ED610040BACA /* MoodDetailViewController.swift in Sources */,
				C364B1F428AB6EFD0040BACA /* CaptureSession.swift in Sources */,
				C364B1A228AB2EB00040BACA /* NSManagedObjectContext+Extensions.swift in Sources */,
				C364B21028ADD9960040BACA /* ISO3166.swift in Sources */,
				C364B22A28AF3F9E0040BACA /* GeoLocationHelper.swift in Sources */,
				C364B21328ADDA1C0040BACA /* LocalizedStringConvertible.swift in Sources */,
				C364B19428AA29BD0040BACA /* MoodTableViewCell.swift in Sources */,
				071922D728A754FB00A9B048 /* Managed.swift in Sources */,
				C364B20C28ADD90E0040BACA /* Country.swift in Sources */,
				C364B19B28AA4A5D0040BACA /* Utilities.swift in Sources */,
				071922D528A754FB00A9B048 /* MoodyStack.swift in Sources */,
				C364B22828AF39F60040BACA /* RegionsViewController.swift in Sources */,
				C364B19628AA2AF50040BACA /* TableViewDataSource.swift in Sources */,
				C364B20228ACC6990040BACA /* RootViewController.swift in Sources */,
				C364B20E28ADD91D0040BACA /* Continent.swift in Sources */,
				071922DA28A7556800A9B048 /* Moody.xcdatamodeld in Sources */,
				C364B21528ADE7F00040BACA /* Region.swift in Sources */,
				071922B728A7520B00A9B048 /* AppDelegate.swift in Sources */,
				C364B18E28A9ED8D0040BACA /* CameraViewController.swift in Sources */,
			);
			runOnlyForDeploymentPostprocessing = 0;
		};
/* End PBXSourcesBuildPhase section */

/* Begin PBXVariantGroup section */
		071922C128A7520D00A9B048 /* LaunchScreen.storyboard */ = {
			isa = PBXVariantGroup;
			children = (
				071922C228A7520D00A9B048 /* Base */,
			);
			name = LaunchScreen.storyboard;
			sourceTree = "<group>";
		};
/* End PBXVariantGroup section */

/* Begin XCBuildConfiguration section */
		071922C528A7520D00A9B048 /* Debug */ = {
			isa = XCBuildConfiguration;
			buildSettings = {
				ALWAYS_SEARCH_USER_PATHS = NO;
				CLANG_ANALYZER_NONNULL = YES;
				CLANG_ANALYZER_NUMBER_OBJECT_CONVERSION = YES_AGGRESSIVE;
				CLANG_CXX_LANGUAGE_STANDARD = "gnu++14";
				CLANG_CXX_LIBRARY = "libc++";
				CLANG_ENABLE_MODULES = YES;
				CLANG_ENABLE_OBJC_ARC = YES;
				CLANG_ENABLE_OBJC_WEAK = YES;
				CLANG_WARN_BLOCK_CAPTURE_AUTORELEASING = YES;
				CLANG_WARN_BOOL_CONVERSION = YES;
				CLANG_WARN_COMMA = YES;
				CLANG_WARN_CONSTANT_CONVERSION = YES;
				CLANG_WARN_DEPRECATED_OBJC_IMPLEMENTATIONS = YES;
				CLANG_WARN_DIRECT_OBJC_ISA_USAGE = YES_ERROR;
				CLANG_WARN_DOCUMENTATION_COMMENTS = YES;
				CLANG_WARN_EMPTY_BODY = YES;
				CLANG_WARN_ENUM_CONVERSION = YES;
				CLANG_WARN_INFINITE_RECURSION = YES;
				CLANG_WARN_INT_CONVERSION = YES;
				CLANG_WARN_NON_LITERAL_NULL_CONVERSION = YES;
				CLANG_WARN_OBJC_IMPLICIT_RETAIN_SELF = YES;
				CLANG_WARN_OBJC_LITERAL_CONVERSION = YES;
				CLANG_WARN_OBJC_ROOT_CLASS = YES_ERROR;
				CLANG_WARN_QUOTED_INCLUDE_IN_FRAMEWORK_HEADER = YES;
				CLANG_WARN_RANGE_LOOP_ANALYSIS = YES;
				CLANG_WARN_STRICT_PROTOTYPES = YES;
				CLANG_WARN_SUSPICIOUS_MOVE = YES;
				CLANG_WARN_UNGUARDED_AVAILABILITY = YES_AGGRESSIVE;
				CLANG_WARN_UNREACHABLE_CODE = YES;
				CLANG_WARN__DUPLICATE_METHOD_MATCH = YES;
				COPY_PHASE_STRIP = NO;
				DEBUG_INFORMATION_FORMAT = dwarf;
				ENABLE_STRICT_OBJC_MSGSEND = YES;
				ENABLE_TESTABILITY = YES;
				GCC_C_LANGUAGE_STANDARD = gnu11;
				GCC_DYNAMIC_NO_PIC = NO;
				GCC_NO_COMMON_BLOCKS = YES;
				GCC_OPTIMIZATION_LEVEL = 0;
				GCC_PREPROCESSOR_DEFINITIONS = (
					"DEBUG=1",
					"$(inherited)",
				);
				GCC_WARN_64_TO_32_BIT_CONVERSION = YES;
				GCC_WARN_ABOUT_RETURN_TYPE = YES_ERROR;
				GCC_WARN_UNDECLARED_SELECTOR = YES;
				GCC_WARN_UNINITIALIZED_AUTOS = YES_AGGRESSIVE;
				GCC_WARN_UNUSED_FUNCTION = YES;
				GCC_WARN_UNUSED_VARIABLE = YES;
				IPHONEOS_DEPLOYMENT_TARGET = 14.5;
				MTL_ENABLE_DEBUG_INFO = INCLUDE_SOURCE;
				MTL_FAST_MATH = YES;
				ONLY_ACTIVE_ARCH = YES;
				SDKROOT = iphoneos;
				SWIFT_ACTIVE_COMPILATION_CONDITIONS = DEBUG;
				SWIFT_OPTIMIZATION_LEVEL = "-Onone";
			};
			name = Debug;
		};
		071922C628A7520D00A9B048 /* Release */ = {
			isa = XCBuildConfiguration;
			buildSettings = {
				ALWAYS_SEARCH_USER_PATHS = NO;
				CLANG_ANALYZER_NONNULL = YES;
				CLANG_ANALYZER_NUMBER_OBJECT_CONVERSION = YES_AGGRESSIVE;
				CLANG_CXX_LANGUAGE_STANDARD = "gnu++14";
				CLANG_CXX_LIBRARY = "libc++";
				CLANG_ENABLE_MODULES = YES;
				CLANG_ENABLE_OBJC_ARC = YES;
				CLANG_ENABLE_OBJC_WEAK = YES;
				CLANG_WARN_BLOCK_CAPTURE_AUTORELEASING = YES;
				CLANG_WARN_BOOL_CONVERSION = YES;
				CLANG_WARN_COMMA = YES;
				CLANG_WARN_CONSTANT_CONVERSION = YES;
				CLANG_WARN_DEPRECATED_OBJC_IMPLEMENTATIONS = YES;
				CLANG_WARN_DIRECT_OBJC_ISA_USAGE = YES_ERROR;
				CLANG_WARN_DOCUMENTATION_COMMENTS = YES;
				CLANG_WARN_EMPTY_BODY = YES;
				CLANG_WARN_ENUM_CONVERSION = YES;
				CLANG_WARN_INFINITE_RECURSION = YES;
				CLANG_WARN_INT_CONVERSION = YES;
				CLANG_WARN_NON_LITERAL_NULL_CONVERSION = YES;
				CLANG_WARN_OBJC_IMPLICIT_RETAIN_SELF = YES;
				CLANG_WARN_OBJC_LITERAL_CONVERSION = YES;
				CLANG_WARN_OBJC_ROOT_CLASS = YES_ERROR;
				CLANG_WARN_QUOTED_INCLUDE_IN_FRAMEWORK_HEADER = YES;
				CLANG_WARN_RANGE_LOOP_ANALYSIS = YES;
				CLANG_WARN_STRICT_PROTOTYPES = YES;
				CLANG_WARN_SUSPICIOUS_MOVE = YES;
				CLANG_WARN_UNGUARDED_AVAILABILITY = YES_AGGRESSIVE;
				CLANG_WARN_UNREACHABLE_CODE = YES;
				CLANG_WARN__DUPLICATE_METHOD_MATCH = YES;
				COPY_PHASE_STRIP = NO;
				DEBUG_INFORMATION_FORMAT = "dwarf-with-dsym";
				ENABLE_NS_ASSERTIONS = NO;
				ENABLE_STRICT_OBJC_MSGSEND = YES;
				GCC_C_LANGUAGE_STANDARD = gnu11;
				GCC_NO_COMMON_BLOCKS = YES;
				GCC_WARN_64_TO_32_BIT_CONVERSION = YES;
				GCC_WARN_ABOUT_RETURN_TYPE = YES_ERROR;
				GCC_WARN_UNDECLARED_SELECTOR = YES;
				GCC_WARN_UNINITIALIZED_AUTOS = YES_AGGRESSIVE;
				GCC_WARN_UNUSED_FUNCTION = YES;
				GCC_WARN_UNUSED_VARIABLE = YES;
				IPHONEOS_DEPLOYMENT_TARGET = 14.5;
				MTL_ENABLE_DEBUG_INFO = NO;
				MTL_FAST_MATH = YES;
				SDKROOT = iphoneos;
				SWIFT_COMPILATION_MODE = wholemodule;
				SWIFT_OPTIMIZATION_LEVEL = "-O";
				VALIDATE_PRODUCT = YES;
			};
			name = Release;
		};
		071922C828A7520D00A9B048 /* Debug */ = {
			isa = XCBuildConfiguration;
			baseConfigurationReference = 9B586D353727C0ACDBE6BD5B /* Pods-Moody.debug.xcconfig */;
			buildSettings = {
				ASSETCATALOG_COMPILER_APPICON_NAME = AppIcon;
				ASSETCATALOG_COMPILER_GLOBAL_ACCENT_COLOR_NAME = AccentColor;
				CODE_SIGN_STYLE = Automatic;
				DEVELOPMENT_TEAM = 92JP75ZK7N;
				INFOPLIST_FILE = Moody/Info.plist;
				IPHONEOS_DEPLOYMENT_TARGET = 13.0;
				LD_RUNPATH_SEARCH_PATHS = (
					"$(inherited)",
					"@executable_path/Frameworks",
				);
				PRODUCT_BUNDLE_IDENTIFIER = com.beika.Moody;
				PRODUCT_NAME = "$(TARGET_NAME)";
				SWIFT_VERSION = 5.0;
				TARGETED_DEVICE_FAMILY = "1,2";
			};
			name = Debug;
		};
		071922C928A7520D00A9B048 /* Release */ = {
			isa = XCBuildConfiguration;
			baseConfigurationReference = A6F287D0491D4DA2E7BD33DF /* Pods-Moody.release.xcconfig */;
			buildSettings = {
				ASSETCATALOG_COMPILER_APPICON_NAME = AppIcon;
				ASSETCATALOG_COMPILER_GLOBAL_ACCENT_COLOR_NAME = AccentColor;
				CODE_SIGN_STYLE = Automatic;
				DEVELOPMENT_TEAM = 92JP75ZK7N;
				INFOPLIST_FILE = Moody/Info.plist;
				IPHONEOS_DEPLOYMENT_TARGET = 13.0;
				LD_RUNPATH_SEARCH_PATHS = (
					"$(inherited)",
					"@executable_path/Frameworks",
				);
				PRODUCT_BUNDLE_IDENTIFIER = com.beika.Moody;
				PRODUCT_NAME = "$(TARGET_NAME)";
				SWIFT_VERSION = 5.0;
				TARGETED_DEVICE_FAMILY = "1,2";
			};
			name = Release;
		};
/* End XCBuildConfiguration section */

/* Begin XCConfigurationList section */
		071922AE28A7520B00A9B048 /* Build configuration list for PBXProject "Moody" */ = {
			isa = XCConfigurationList;
			buildConfigurations = (
				071922C528A7520D00A9B048 /* Debug */,
				071922C628A7520D00A9B048 /* Release */,
			);
			defaultConfigurationIsVisible = 0;
			defaultConfigurationName = Release;
		};
		071922C728A7520D00A9B048 /* Build configuration list for PBXNativeTarget "Moody" */ = {
			isa = XCConfigurationList;
			buildConfigurations = (
				071922C828A7520D00A9B048 /* Debug */,
				071922C928A7520D00A9B048 /* Release */,
			);
			defaultConfigurationIsVisible = 0;
			defaultConfigurationName = Release;
		};
/* End XCConfigurationList section */

/* Begin XCVersionGroup section */
		071922D828A7556800A9B048 /* Moody.xcdatamodeld */ = {
			isa = XCVersionGroup;
			children = (
				071922D928A7556800A9B048 /* Moody.xcdatamodel */,
			);
			currentVersion = 071922D928A7556800A9B048 /* Moody.xcdatamodel */;
			name = Moody.xcdatamodeld;
			path = "../Core Data Helpers/Moody.xcdatamodeld";
			sourceTree = "<group>";
			versionGroupType = wrapper.xcdatamodel;
		};
/* End XCVersionGroup section */
	};
	rootObject = 071922AB28A7520B00A9B048 /* Project object */;
}
